
Microsoft Visual Studio Solution File, Format Version 12.00
# Visual Studio Version 16
VisualStudioVersion = 16.0.30503.244
MinimumVisualStudioVersion = 10.0.40219.1
Project("{FAE04EC0-301F-11D3-BF4B-00C04F79EFBC}") = "elevatorAlarm", "elevatorAlarm\elevatorAlarm.csproj", "{DCB8D64E-B372-40F2-A512-3F292FE3B2A4}"
EndProject
Global
	GlobalSection(SolutionConfigurationPlatforms) = preSolution
		Debug|Any CPU = Debug|Any CPU
		Release|Any CPU = Release|Any CPU
	EndGlobalSection
	GlobalSection(ProjectConfigurationPlatforms) = postSolution
		{DCB8D64E-B372-40F2-A512-3F292FE3B2A4}.Debug|Any CPU.ActiveCfg = Debug|Any CPU
		{DCB8D64E-B372-40F2-A512-3F292FE3B2A4}.Debug|Any CPU.Build.0 = Debug|Any CPU
		{DCB8D64E-B372-40F2-A512-3F292FE3B2A4}.Release|Any CPU.ActiveCfg = Release|Any CPU
		{DCB8D64E-B372-40F2-A512-3F292FE3B2A4}.Release|Any CPU.Build.0 = Release|Any CPU
	EndGlobalSection
	GlobalSection(SolutionProperties) = preSolution
		HideSolutionNode = FALSE
	EndGlobalSection
	GlobalSection(ExtensibilityGlobals) = postSolution
		SolutionGuid = {468ACCF1-38B4-4A3A-9A5F-9265CBEDDD6D}
	EndGlobalSection
EndGlobal
